
Microsoft Visual Studio Solution File, Format Version 12.00
# Visual Studio Version 16
VisualStudioVersion = 16.0.31702.278
MinimumVisualStudioVersion = 10.0.40219.1
Project("{FAE04EC0-301F-11D3-BF4B-00C04F79EFBC}") = "AES", "AES\AES.csproj", "{CE22F6F5-FF14-4EE2-B184-7DEB8FD8B6EB}"
EndProject
Global
	GlobalSection(SolutionConfigurationPlatforms) = preSolution
		Debug|Any CPU = Debug|Any CPU
		Release|Any CPU = Release|Any CPU
	EndGlobalSection
	GlobalSection(ProjectConfigurationPlatforms) = postSolution
		{CE22F6F5-FF14-4EE2-B184-7DEB8FD8B6EB}.Debug|Any CPU.ActiveCfg = Debug|Any CPU
		{CE22F6F5-FF14-4EE2-B184-7DEB8FD8B6EB}.Debug|Any CPU.Build.0 = Debug|Any CPU
		{CE22F6F5-FF14-4EE2-B184-7DEB8FD8B6EB}.Release|Any CPU.ActiveCfg = Release|Any CPU
		{CE22F6F5-FF14-4EE2-B184-7DEB8FD8B6EB}.Release|Any CPU.Build.0 = Release|Any CPU
	EndGlobalSection
	GlobalSection(SolutionProperties) = preSolution
		HideSolutionNode = FALSE
	EndGlobalSection
	GlobalSection(ExtensibilityGlobals) = postSolution
		SolutionGuid = {01415E93-4393-485B-A08C-B22FA092C2C4}
	EndGlobalSection
EndGlobal
